<?xml version="1.0" encoding="utf-8"?>
<Project ToolsVersion="4.0" xmlns="http://schemas.microsoft.com/developer/msbuild/2003">
  <ItemGroup>
    <ClCompile Include="Server.cpp">
      <Filter>Main</Filter>
    </ClCompile>
    <ClCompile Include="PlayerManager.cpp">
      <Filter>Example</Filter>
    </ClCompile>
    <ClCompile Include="AccountManager.cpp">
      <Filter>Example</Filter>
    </ClCompile>
  </ItemGroup>
  <ItemGroup>
    <ClInclude Include="PlayerManager.h">
      <Filter>Example</Filter>
    </ClInclude>
    <ClInclude Include="AccountManager.h">
      <Filter>Example</Filter>
    </ClInclude>
  </ItemGroup>
  <ItemGroup>
    <Filter Include="Utils">
      <UniqueIdentifier>{f6a4db7e-eff5-4512-b4b8-a4c89137d362}</UniqueIdentifier>
    </Filter>
    <Filter Include="Main">
      <UniqueIdentifier>{c69807fa-0362-4123-9769-c54b81040b58}</UniqueIdentifier>
    </Filter>
    <Filter Include="Example">
      <UniqueIdentifier>{bf07fc2d-d5ed-4a47-8acd-947de3503848}</UniqueIdentifier>
    </Filter>
  </ItemGroup>
</Project>